
Microsoft Visual Studio Solution File, Format Version 12.00
# Visual Studio Version 16
VisualStudioVersion = 16.0.30907.101
MinimumVisualStudioVersion = 10.0.40219.1
Project("{FAE04EC0-301F-11D3-BF4B-00C04F79EFBC}") = "MISA-DUONG-MF702", "MISA-DUONG-MF702\MISA-DUONG-MF702.csproj", "{AF9A4775-9BF1-41A3-86B5-A23DFBA81DDC}"
EndProject
Project("{FAE04EC0-301F-11D3-BF4B-00C04F79EFBC}") = "MISA.Common", "MISA.Common\MISA.Common.csproj", "{980D58FF-1DC3-4A42-A4DD-DF8426C6EF01}"
EndProject
Project("{FAE04EC0-301F-11D3-BF4B-00C04F79EFBC}") = "MISA.DataLayer", "MISA.DataLayer\MISA.DataLayer.csproj", "{69700C12-A118-4EE0-90C2-53CDD1EA6582}"
EndProject
Project("{FAE04EC0-301F-11D3-BF4B-00C04F79EFBC}") = "MISA.Service", "MISA.Service\MISA.Service.csproj", "{DCDCEE2C-CFA6-4BA8-B46D-E0273EA11803}"
EndProject
Global
	GlobalSection(SolutionConfigurationPlatforms) = preSolution
		Debug|Any CPU = Debug|Any CPU
		Release|Any CPU = Release|Any CPU
	EndGlobalSection
	GlobalSection(ProjectConfigurationPlatforms) = postSolution
		{AF9A4775-9BF1-41A3-86B5-A23DFBA81DDC}.Debug|Any CPU.ActiveCfg = Debug|Any CPU
		{AF9A4775-9BF1-41A3-86B5-A23DFBA81DDC}.Debug|Any CPU.Build.0 = Debug|Any CPU
		{AF9A4775-9BF1-41A3-86B5-A23DFBA81DDC}.Release|Any CPU.ActiveCfg = Release|Any CPU
		{AF9A4775-9BF1-41A3-86B5-A23DFBA81DDC}.Release|Any CPU.Build.0 = Release|Any CPU
		{980D58FF-1DC3-4A42-A4DD-DF8426C6EF01}.Debug|Any CPU.ActiveCfg = Debug|Any CPU
		{980D58FF-1DC3-4A42-A4DD-DF8426C6EF01}.Debug|Any CPU.Build.0 = Debug|Any CPU
		{980D58FF-1DC3-4A42-A4DD-DF8426C6EF01}.Release|Any CPU.ActiveCfg = Release|Any CPU
		{980D58FF-1DC3-4A42-A4DD-DF8426C6EF01}.Release|Any CPU.Build.0 = Release|Any CPU
		{69700C12-A118-4EE0-90C2-53CDD1EA6582}.Debug|Any CPU.ActiveCfg = Debug|Any CPU
		{69700C12-A118-4EE0-90C2-53CDD1EA6582}.Debug|Any CPU.Build.0 = Debug|Any CPU
		{69700C12-A118-4EE0-90C2-53CDD1EA6582}.Release|Any CPU.ActiveCfg = Release|Any CPU
		{69700C12-A118-4EE0-90C2-53CDD1EA6582}.Release|Any CPU.Build.0 = Release|Any CPU
		{DCDCEE2C-CFA6-4BA8-B46D-E0273EA11803}.Debug|Any CPU.ActiveCfg = Debug|Any CPU
		{DCDCEE2C-CFA6-4BA8-B46D-E0273EA11803}.Debug|Any CPU.Build.0 = Debug|Any CPU
		{DCDCEE2C-CFA6-4BA8-B46D-E0273EA11803}.Release|Any CPU.ActiveCfg = Release|Any CPU
		{DCDCEE2C-CFA6-4BA8-B46D-E0273EA11803}.Release|Any CPU.Build.0 = Release|Any CPU
	EndGlobalSection
	GlobalSection(SolutionProperties) = preSolution
		HideSolutionNode = FALSE
	EndGlobalSection
	GlobalSection(ExtensibilityGlobals) = postSolution
		SolutionGuid = {F2F14B4B-D46A-41C3-B1AD-89F878E1A537}
	EndGlobalSection
EndGlobal
